
Microsoft Visual Studio Solution File, Format Version 12.00
# Visual Studio 2013
VisualStudioVersion = 12.0.21005.1
MinimumVisualStudioVersion = 10.0.40219.1
Project("{FAE04EC0-301F-11D3-BF4B-00C04F79EFBC}") = "MVC", "MvcApplication1\MVC.csproj", "{ABD7788E-C45E-416C-B898-AB901EC5BBD5}"
EndProject
Project("{FAE04EC0-301F-11D3-BF4B-00C04F79EFBC}") = "API", "API\API.csproj", "{92A257D7-E740-4725-BE8C-ADC72936792C}"
EndProject
Project("{FAE04EC0-301F-11D3-BF4B-00C04F79EFBC}") = "ExampleProject", "ExampleProject\ExampleProject\ExampleProject.csproj", "{C648E84D-5801-4943-BCCD-FE971AE4CC4A}"
EndProject
Project("{FAE04EC0-301F-11D3-BF4B-00C04F79EFBC}") = "EF", "EF\EF.csproj", "{5545DF9D-FE71-4869-A162-DF1445872AB8}"
EndProject
Project("{FAE04EC0-301F-11D3-BF4B-00C04F79EFBC}") = "ConsoleApp", "Console\ConsoleApp.csproj", "{2E5B0DC5-4266-4940-BE86-8C208AC9F1F5}"
EndProject
Project("{FAE04EC0-301F-11D3-BF4B-00C04F79EFBC}") = "RavenDB", "RavenDB\RavenDB.csproj", "{B11F6A83-01BF-40FA-87C4-8777955BC5B2}"
EndProject
Project("{FAE04EC0-301F-11D3-BF4B-00C04F79EFBC}") = "Internationalization", "Internationalization\Internationalization.csproj", "{2951DBA5-B528-4A62-98E3-9C15EF1EC05E}"
EndProject
Project("{FAE04EC0-301F-11D3-BF4B-00C04F79EFBC}") = "Resources", "Resources\Resources.csproj", "{C47CA036-5A6A-4C39-9309-4BAA42C7A0F1}"
EndProject
Global
	GlobalSection(SolutionConfigurationPlatforms) = preSolution
		Debug|Any CPU = Debug|Any CPU
		Release|Any CPU = Release|Any CPU
	EndGlobalSection
	GlobalSection(ProjectConfigurationPlatforms) = postSolution
		{ABD7788E-C45E-416C-B898-AB901EC5BBD5}.Debug|Any CPU.ActiveCfg = Debug|Any CPU
		{ABD7788E-C45E-416C-B898-AB901EC5BBD5}.Debug|Any CPU.Build.0 = Debug|Any CPU
		{ABD7788E-C45E-416C-B898-AB901EC5BBD5}.Release|Any CPU.ActiveCfg = Release|Any CPU
		{ABD7788E-C45E-416C-B898-AB901EC5BBD5}.Release|Any CPU.Build.0 = Release|Any CPU
		{92A257D7-E740-4725-BE8C-ADC72936792C}.Debug|Any CPU.ActiveCfg = Debug|Any CPU
		{92A257D7-E740-4725-BE8C-ADC72936792C}.Debug|Any CPU.Build.0 = Debug|Any CPU
		{92A257D7-E740-4725-BE8C-ADC72936792C}.Release|Any CPU.ActiveCfg = Release|Any CPU
		{92A257D7-E740-4725-BE8C-ADC72936792C}.Release|Any CPU.Build.0 = Release|Any CPU
		{C648E84D-5801-4943-BCCD-FE971AE4CC4A}.Debug|Any CPU.ActiveCfg = Debug|Any CPU
		{C648E84D-5801-4943-BCCD-FE971AE4CC4A}.Debug|Any CPU.Build.0 = Debug|Any CPU
		{C648E84D-5801-4943-BCCD-FE971AE4CC4A}.Release|Any CPU.ActiveCfg = Release|Any CPU
		{C648E84D-5801-4943-BCCD-FE971AE4CC4A}.Release|Any CPU.Build.0 = Release|Any CPU
		{5545DF9D-FE71-4869-A162-DF1445872AB8}.Debug|Any CPU.ActiveCfg = Debug|Any CPU
		{5545DF9D-FE71-4869-A162-DF1445872AB8}.Debug|Any CPU.Build.0 = Debug|Any CPU
		{5545DF9D-FE71-4869-A162-DF1445872AB8}.Release|Any CPU.ActiveCfg = Release|Any CPU
		{5545DF9D-FE71-4869-A162-DF1445872AB8}.Release|Any CPU.Build.0 = Release|Any CPU
		{2E5B0DC5-4266-4940-BE86-8C208AC9F1F5}.Debug|Any CPU.ActiveCfg = Debug|Any CPU
		{2E5B0DC5-4266-4940-BE86-8C208AC9F1F5}.Debug|Any CPU.Build.0 = Debug|Any CPU
		{2E5B0DC5-4266-4940-BE86-8C208AC9F1F5}.Release|Any CPU.ActiveCfg = Release|Any CPU
		{2E5B0DC5-4266-4940-BE86-8C208AC9F1F5}.Release|Any CPU.Build.0 = Release|Any CPU
		{B11F6A83-01BF-40FA-87C4-8777955BC5B2}.Debug|Any CPU.ActiveCfg = Debug|Any CPU
		{B11F6A83-01BF-40FA-87C4-8777955BC5B2}.Debug|Any CPU.Build.0 = Debug|Any CPU
		{B11F6A83-01BF-40FA-87C4-8777955BC5B2}.Release|Any CPU.ActiveCfg = Release|Any CPU
		{B11F6A83-01BF-40FA-87C4-8777955BC5B2}.Release|Any CPU.Build.0 = Release|Any CPU
		{2951DBA5-B528-4A62-98E3-9C15EF1EC05E}.Debug|Any CPU.ActiveCfg = Debug|Any CPU
		{2951DBA5-B528-4A62-98E3-9C15EF1EC05E}.Debug|Any CPU.Build.0 = Debug|Any CPU
		{2951DBA5-B528-4A62-98E3-9C15EF1EC05E}.Release|Any CPU.ActiveCfg = Release|Any CPU
		{2951DBA5-B528-4A62-98E3-9C15EF1EC05E}.Release|Any CPU.Build.0 = Release|Any CPU
		{C47CA036-5A6A-4C39-9309-4BAA42C7A0F1}.Debug|Any CPU.ActiveCfg = Debug|Any CPU
		{C47CA036-5A6A-4C39-9309-4BAA42C7A0F1}.Debug|Any CPU.Build.0 = Debug|Any CPU
		{C47CA036-5A6A-4C39-9309-4BAA42C7A0F1}.Release|Any CPU.ActiveCfg = Release|Any CPU
		{C47CA036-5A6A-4C39-9309-4BAA42C7A0F1}.Release|Any CPU.Build.0 = Release|Any CPU
	EndGlobalSection
	GlobalSection(SolutionProperties) = preSolution
		HideSolutionNode = FALSE
	EndGlobalSection
EndGlobal
